
Microsoft Visual Studio Solution File, Format Version 10.00
# Visual Studio 2008
Project("{FAE04EC0-301F-11D3-BF4B-00C04F79EFBC}") = "MakeItEasy.Tests", "MakeItEasy.Tests\MakeItEasy.Tests.csproj", "{1F755220-2B53-4EFD-9CF5-A871258E7738}"
EndProject
Project("{FAE04EC0-301F-11D3-BF4B-00C04F79EFBC}") = "MakeItEasy", "MakeItEasy\MakeItEasy.csproj", "{AEA81B63-ED6E-4D33-9F7E-4DED55B1C1EB}"
EndProject
Global
	GlobalSection(SolutionConfigurationPlatforms) = preSolution
		Debug|Any CPU = Debug|Any CPU
		Release|Any CPU = Release|Any CPU
	EndGlobalSection
	GlobalSection(ProjectConfigurationPlatforms) = postSolution
		{1F755220-2B53-4EFD-9CF5-A871258E7738}.Debug|Any CPU.ActiveCfg = Debug|Any CPU
		{1F755220-2B53-4EFD-9CF5-A871258E7738}.Debug|Any CPU.Build.0 = Debug|Any CPU
		{1F755220-2B53-4EFD-9CF5-A871258E7738}.Release|Any CPU.ActiveCfg = Release|Any CPU
		{1F755220-2B53-4EFD-9CF5-A871258E7738}.Release|Any CPU.Build.0 = Release|Any CPU
		{AEA81B63-ED6E-4D33-9F7E-4DED55B1C1EB}.Debug|Any CPU.ActiveCfg = Debug|Any CPU
		{AEA81B63-ED6E-4D33-9F7E-4DED55B1C1EB}.Debug|Any CPU.Build.0 = Debug|Any CPU
		{AEA81B63-ED6E-4D33-9F7E-4DED55B1C1EB}.Release|Any CPU.ActiveCfg = Release|Any CPU
		{AEA81B63-ED6E-4D33-9F7E-4DED55B1C1EB}.Release|Any CPU.Build.0 = Release|Any CPU
	EndGlobalSection
	GlobalSection(SolutionProperties) = preSolution
		HideSolutionNode = FALSE
	EndGlobalSection
EndGlobal
